<?xml version="1.0" encoding="utf-8"?>
<Project ToolsVersion="4.0" xmlns="http://schemas.microsoft.com/developer/msbuild/2003">
  <ItemGroup>
    <Filter Include="源文件">
      <UniqueIdentifier>{4FC737F1-C7A5-4376-A066-2A32D752A2FF}</UniqueIdentifier>
      <Extensions>cpp;c;cc;cxx;c++;cppm;ixx;def;odl;idl;hpj;bat;asm;asmx</Extensions>
    </Filter>
    <Filter Include="头文件">
      <UniqueIdentifier>{93995380-89BD-4b04-88EB-625FBE52EBFB}</UniqueIdentifier>
      <Extensions>h;hh;hpp;hxx;h++;hm;inl;inc;ipp;xsd</Extensions>
    </Filter>
    <Filter Include="资源文件">
      <UniqueIdentifier>{67DA6AB6-F800-4c08-8B7A-83BB121AAD01}</UniqueIdentifier>
      <Extensions>rc;ico;cur;bmp;dlg;rc2;rct;bin;rgs;gif;jpg;jpeg;jpe;resx;tiff;tif;png;wav;mfcribbon-ms</Extensions>
    </Filter>
    <Filter Include="源文件\backend">
      <UniqueIdentifier>{f1b87609-7e48-47d6-934c-2f9812b9d6a3}</UniqueIdentifier>
    </Filter>
    <Filter Include="源文件\frontend">
      <UniqueIdentifier>{a780b619-01ac-49db-ad39-f713cecfa832}</UniqueIdentifier>
    </Filter>
    <Filter Include="源文件\frontend\pages">
      <UniqueIdentifier>{8e315a9a-7fc3-4d1c-b6dc-ab08541c7717}</UniqueIdentifier>
    </Filter>
    <Filter Include="源文件\frontend\css">
      <UniqueIdentifier>{29707dd3-2041-4d40-b253-87e4c81ced37}</UniqueIdentifier>
    </Filter>
    <Filter Include="源文件\frontend\js">
      <UniqueIdentifier>{f2888cf6-354c-47c6-92ff-467cf442d89f}</UniqueIdentifier>
    </Filter>
  </ItemGroup>
  <ItemGroup>
    <None Include="app.py">
      <Filter>源文件\backend</Filter>
    </None>
    <None Include="index.html">
      <Filter>源文件\frontend</Filter>
    </None>
    <None Include="scheduler.html">
      <Filter>源文件\frontend\pages</Filter>
    </None>
    <None Include="style.css">
      <Filter>源文件\frontend\css</Filter>
    </None>
    <None Include="scheduler.js">
      <Filter>源文件\frontend\js</Filter>
    </None>
  </ItemGroup>
  <ItemGroup>
    <Text Include="requirements.txt">
      <Filter>源文件\backend</Filter>
    </Text>
  </ItemGroup>
</Project>